
Microsoft Visual Studio Solution File, Format Version 12.00
# Visual Studio Version 17
VisualStudioVersion = 17.11.35303.130
MinimumVisualStudioVersion = 10.0.40219.1
Project("{FAE04EC0-301F-11D3-BF4B-00C04F79EFBC}") = "TransitionApp", "TransitionApp.csproj", "{6C6C742F-CE21-44EE-8BFA-1549BC6067A1}"
EndProject
Global
	GlobalSection(SolutionConfigurationPlatforms) = preSolution
		Debug|Any CPU = Debug|Any CPU
		Release|Any CPU = Release|Any CPU
	EndGlobalSection
	GlobalSection(ProjectConfigurationPlatforms) = postSolution
		{6C6C742F-CE21-44EE-8BFA-1549BC6067A1}.Debug|Any CPU.ActiveCfg = Debug|Any CPU
		{6C6C742F-CE21-44EE-8BFA-1549BC6067A1}.Debug|Any CPU.Build.0 = Debug|Any CPU
		{6C6C742F-CE21-44EE-8BFA-1549BC6067A1}.Debug|Any CPU.Deploy.0 = Debug|Any CPU
		{6C6C742F-CE21-44EE-8BFA-1549BC6067A1}.Release|Any CPU.ActiveCfg = Release|Any CPU
		{6C6C742F-CE21-44EE-8BFA-1549BC6067A1}.Release|Any CPU.Build.0 = Release|Any CPU
		{6C6C742F-CE21-44EE-8BFA-1549BC6067A1}.Release|Any CPU.Deploy.0 = Release|Any CPU
	EndGlobalSection
	GlobalSection(SolutionProperties) = preSolution
		HideSolutionNode = FALSE
	EndGlobalSection
	GlobalSection(ExtensibilityGlobals) = postSolution
		SolutionGuid = {E0CEF12E-B413-4150-9294-B7B01921E176}
	EndGlobalSection
EndGlobal
